// !$*UTF8*$!
{
	archiveVersion = 1;
	classes = {
	};
	objectVersion = 50;
	objects = {

/* Begin PBXBuildFile section */
		830256402678E13E00925623 /* MenuItem.swift in Sources */ = {isa = PBXBuildFile; fileRef = 8302563F2678E13E00925623 /* MenuItem.swift */; };
		830256422678E22F00925623 /* CatalogAdditive.swift in Sources */ = {isa = PBXBuildFile; fileRef = 830256412678E22F00925623 /* CatalogAdditive.swift */; };
		830256442678E2A600925623 /* CatalogAllergy.swift in Sources */ = {isa = PBXBuildFile; fileRef = 830256432678E2A600925623 /* CatalogAllergy.swift */; };
		830256462678E2D900925623 /* CatalogMenuItemTag.swift in Sources */ = {isa = PBXBuildFile; fileRef = 830256452678E2D900925623 /* CatalogMenuItemTag.swift */; };
		830256482678E36400925623 /* MenuItemPrice.swift in Sources */ = {isa = PBXBuildFile; fileRef = 830256472678E36400925623 /* MenuItemPrice.swift */; };
		8302564A2678E4C700925623 /* MenuItemTo.swift in Sources */ = {isa = PBXBuildFile; fileRef = 830256492678E4C700925623 /* MenuItemTo.swift */; };
		8326E757267BE45000F399F3 /* CatalogAllergyAdditive.swift in Sources */ = {isa = PBXBuildFile; fileRef = 8326E756267BE45000F399F3 /* CatalogAllergyAdditive.swift */; };
		836E4DBD26768CAD00B75DCD /* MenuController.swift in Sources */ = {isa = PBXBuildFile; fileRef = 836E4DBC26768CAD00B75DCD /* MenuController.swift */; };
		836E4DBF26768EF000B75DCD /* Business.swift in Sources */ = {isa = PBXBuildFile; fileRef = 836E4DBE26768EF000B75DCD /* Business.swift */; };
		837125AC2679486500698C5C /* PriceCell.swift in Sources */ = {isa = PBXBuildFile; fileRef = 837125AB2679486500698C5C /* PriceCell.swift */; };
		8380A24C26794BC9005572B7 /* ExtensionsDecimal.swift in Sources */ = {isa = PBXBuildFile; fileRef = 8380A24B26794BC9005572B7 /* ExtensionsDecimal.swift */; };
		838C4725267937A7002CF9BF /* MenuItemCell.swift in Sources */ = {isa = PBXBuildFile; fileRef = 838C4724267937A7002CF9BF /* MenuItemCell.swift */; };
		83A1BCC5267532A300928AD4 /* HttpRequest.swift in Sources */ = {isa = PBXBuildFile; fileRef = 83A1BCC4267532A300928AD4 /* HttpRequest.swift */; };
		83A1BCC8267532F300928AD4 /* BaseModel.swift in Sources */ = {isa = PBXBuildFile; fileRef = 83A1BCC7267532F300928AD4 /* BaseModel.swift */; };
		83A1BCCA2675330000928AD4 /* Constants.swift in Sources */ = {isa = PBXBuildFile; fileRef = 83A1BCC92675330000928AD4 /* Constants.swift */; };
		83A1BCCC2675336100928AD4 /* Customer.swift in Sources */ = {isa = PBXBuildFile; fileRef = 83A1BCCB2675336100928AD4 /* Customer.swift */; };
		83A1BCCE2675369E00928AD4 /* JsonResult.swift in Sources */ = {isa = PBXBuildFile; fileRef = 83A1BCCD2675369E00928AD4 /* JsonResult.swift */; };
		83A1BCD026753B3300928AD4 /* GenericWrapper.swift in Sources */ = {isa = PBXBuildFile; fileRef = 83A1BCCF26753B3300928AD4 /* GenericWrapper.swift */; };
		83A1BCD226753F7700928AD4 /* DateFormatter.swift in Sources */ = {isa = PBXBuildFile; fileRef = 83A1BCD126753F7700928AD4 /* DateFormatter.swift */; };
		83A1BCD42675490200928AD4 /* DataStore.swift in Sources */ = {isa = PBXBuildFile; fileRef = 83A1BCD32675490200928AD4 /* DataStore.swift */; };
		83A4F10726769ADF009C9CE2 /* CategoriesCollectionViewCell.swift in Sources */ = {isa = PBXBuildFile; fileRef = 83A4F10626769ADF009C9CE2 /* CategoriesCollectionViewCell.swift */; };
		83A4F10B26769FF2009C9CE2 /* MenuCategory.swift in Sources */ = {isa = PBXBuildFile; fileRef = 83A4F10A26769FF2009C9CE2 /* MenuCategory.swift */; };
		83DC7A26267A2B8E0037A3F2 /* ExtensionsUIView.swift in Sources */ = {isa = PBXBuildFile; fileRef = 83DC7A25267A2B8E0037A3F2 /* ExtensionsUIView.swift */; };
		83DC7A28267B85D90037A3F2 /* TagCell.swift in Sources */ = {isa = PBXBuildFile; fileRef = 83DC7A27267B85D90037A3F2 /* TagCell.swift */; };
		83E88E7F26714A6300FA43CE /* AppDelegate.swift in Sources */ = {isa = PBXBuildFile; fileRef = 83E88E7E26714A6300FA43CE /* AppDelegate.swift */; };
		83E88E8126714A6300FA43CE /* CustomerLoginController.swift in Sources */ = {isa = PBXBuildFile; fileRef = 83E88E8026714A6300FA43CE /* CustomerLoginController.swift */; };
		83E88E8326714A6300FA43CE /* ScannerViewController.swift in Sources */ = {isa = PBXBuildFile; fileRef = 83E88E8226714A6300FA43CE /* ScannerViewController.swift */; };
		83E88E8626714A6300FA43CE /* Main.storyboard in Resources */ = {isa = PBXBuildFile; fileRef = 83E88E8426714A6300FA43CE /* Main.storyboard */; };
		83E88E8826714A6600FA43CE /* Assets.xcassets in Resources */ = {isa = PBXBuildFile; fileRef = 83E88E8726714A6600FA43CE /* Assets.xcassets */; };
		83E88E8B26714A6600FA43CE /* LaunchScreen.storyboard in Resources */ = {isa = PBXBuildFile; fileRef = 83E88E8926714A6600FA43CE /* LaunchScreen.storyboard */; };
/* End PBXBuildFile section */

/* Begin PBXFileReference section */
		8302563F2678E13E00925623 /* MenuItem.swift */ = {isa = PBXFileReference; lastKnownFileType = sourcecode.swift; path = MenuItem.swift; sourceTree = "<group>"; };
		830256412678E22F00925623 /* CatalogAdditive.swift */ = {isa = PBXFileReference; lastKnownFileType = sourcecode.swift; path = CatalogAdditive.swift; sourceTree = "<group>"; };
		830256432678E2A600925623 /* CatalogAllergy.swift */ = {isa = PBXFileReference; lastKnownFileType = sourcecode.swift; path = CatalogAllergy.swift; sourceTree = "<group>"; };
		830256452678E2D900925623 /* CatalogMenuItemTag.swift */ = {isa = PBXFileReference; lastKnownFileType = sourcecode.swift; path = CatalogMenuItemTag.swift; sourceTree = "<group>"; };
		830256472678E36400925623 /* MenuItemPrice.swift */ = {isa = PBXFileReference; lastKnownFileType = sourcecode.swift; path = MenuItemPrice.swift; sourceTree = "<group>"; };
		830256492678E4C700925623 /* MenuItemTo.swift */ = {isa = PBXFileReference; lastKnownFileType = sourcecode.swift; path = MenuItemTo.swift; sourceTree = "<group>"; };
		8326E756267BE45000F399F3 /* CatalogAllergyAdditive.swift */ = {isa = PBXFileReference; lastKnownFileType = sourcecode.swift; path = CatalogAllergyAdditive.swift; sourceTree = "<group>"; };
		836E4DBC26768CAD00B75DCD /* MenuController.swift */ = {isa = PBXFileReference; lastKnownFileType = sourcecode.swift; path = MenuController.swift; sourceTree = "<group>"; };
		836E4DBE26768EF000B75DCD /* Business.swift */ = {isa = PBXFileReference; lastKnownFileType = sourcecode.swift; path = Business.swift; sourceTree = "<group>"; };
		837125AB2679486500698C5C /* PriceCell.swift */ = {isa = PBXFileReference; lastKnownFileType = sourcecode.swift; path = PriceCell.swift; sourceTree = "<group>"; };
		8380A24B26794BC9005572B7 /* ExtensionsDecimal.swift */ = {isa = PBXFileReference; lastKnownFileType = sourcecode.swift; path = ExtensionsDecimal.swift; sourceTree = "<group>"; };
		838C4724267937A7002CF9BF /* MenuItemCell.swift */ = {isa = PBXFileReference; lastKnownFileType = sourcecode.swift; path = MenuItemCell.swift; sourceTree = "<group>"; };
		83A1BCC4267532A300928AD4 /* HttpRequest.swift */ = {isa = PBXFileReference; lastKnownFileType = sourcecode.swift; path = HttpRequest.swift; sourceTree = "<group>"; };
		83A1BCC7267532F300928AD4 /* BaseModel.swift */ = {isa = PBXFileReference; lastKnownFileType = sourcecode.swift; path = BaseModel.swift; sourceTree = "<group>"; };
		83A1BCC92675330000928AD4 /* Constants.swift */ = {isa = PBXFileReference; lastKnownFileType = sourcecode.swift; path = Constants.swift; sourceTree = "<group>"; };
		83A1BCCB2675336100928AD4 /* Customer.swift */ = {isa = PBXFileReference; lastKnownFileType = sourcecode.swift; path = Customer.swift; sourceTree = "<group>"; };
		83A1BCCD2675369E00928AD4 /* JsonResult.swift */ = {isa = PBXFileReference; lastKnownFileType = sourcecode.swift; path = JsonResult.swift; sourceTree = "<group>"; };
		83A1BCCF26753B3300928AD4 /* GenericWrapper.swift */ = {isa = PBXFileReference; lastKnownFileType = sourcecode.swift; path = GenericWrapper.swift; sourceTree = "<group>"; };
		83A1BCD126753F7700928AD4 /* DateFormatter.swift */ = {isa = PBXFileReference; lastKnownFileType = sourcecode.swift; path = DateFormatter.swift; sourceTree = "<group>"; };
		83A1BCD32675490200928AD4 /* DataStore.swift */ = {isa = PBXFileReference; lastKnownFileType = sourcecode.swift; path = DataStore.swift; sourceTree = "<group>"; };
		83A4F10626769ADF009C9CE2 /* CategoriesCollectionViewCell.swift */ = {isa = PBXFileReference; lastKnownFileType = sourcecode.swift; path = CategoriesCollectionViewCell.swift; sourceTree = "<group>"; };
		83A4F10A26769FF2009C9CE2 /* MenuCategory.swift */ = {isa = PBXFileReference; lastKnownFileType = sourcecode.swift; path = MenuCategory.swift; sourceTree = "<group>"; };
		83DC7A25267A2B8E0037A3F2 /* ExtensionsUIView.swift */ = {isa = PBXFileReference; lastKnownFileType = sourcecode.swift; path = ExtensionsUIView.swift; sourceTree = "<group>"; };
		83DC7A27267B85D90037A3F2 /* TagCell.swift */ = {isa = PBXFileReference; lastKnownFileType = sourcecode.swift; path = TagCell.swift; sourceTree = "<group>"; };
		83E88E7B26714A6300FA43CE /* lokella.app */ = {isa = PBXFileReference; explicitFileType = wrapper.application; includeInIndex = 0; path = lokella.app; sourceTree = BUILT_PRODUCTS_DIR; };
		83E88E7E26714A6300FA43CE /* AppDelegate.swift */ = {isa = PBXFileReference; lastKnownFileType = sourcecode.swift; path = AppDelegate.swift; sourceTree = "<group>"; };
		83E88E8026714A6300FA43CE /* CustomerLoginController.swift */ = {isa = PBXFileReference; lastKnownFileType = sourcecode.swift; path = CustomerLoginController.swift; sourceTree = "<group>"; };
		83E88E8226714A6300FA43CE /* ScannerViewController.swift */ = {isa = PBXFileReference; lastKnownFileType = sourcecode.swift; path = ScannerViewController.swift; sourceTree = "<group>"; };
		83E88E8526714A6300FA43CE /* Base */ = {isa = PBXFileReference; lastKnownFileType = file.storyboard; name = Base; path = Base.lproj/Main.storyboard; sourceTree = "<group>"; };
		83E88E8726714A6600FA43CE /* Assets.xcassets */ = {isa = PBXFileReference; lastKnownFileType = folder.assetcatalog; path = Assets.xcassets; sourceTree = "<group>"; };
		83E88E8A26714A6600FA43CE /* Base */ = {isa = PBXFileReference; lastKnownFileType = file.storyboard; name = Base; path = Base.lproj/LaunchScreen.storyboard; sourceTree = "<group>"; };
		83E88E8C26714A6600FA43CE /* Info.plist */ = {isa = PBXFileReference; lastKnownFileType = text.plist.xml; path = Info.plist; sourceTree = "<group>"; };
/* End PBXFileReference section */

/* Begin PBXFrameworksBuildPhase section */
		83E88E7826714A6300FA43CE /* Frameworks */ = {
			isa = PBXFrameworksBuildPhase;
			buildActionMask = 2147483647;
			files = (
			);
			runOnlyForDeploymentPostprocessing = 0;
		};
/* End PBXFrameworksBuildPhase section */

/* Begin PBXGroup section */
		83A1BCC32675326B00928AD4 /* helpers */ = {
			isa = PBXGroup;
			children = (
				83A1BCC4267532A300928AD4 /* HttpRequest.swift */,
				83A1BCC92675330000928AD4 /* Constants.swift */,
				83A1BCCD2675369E00928AD4 /* JsonResult.swift */,
				83A1BCCF26753B3300928AD4 /* GenericWrapper.swift */,
				83A1BCD126753F7700928AD4 /* DateFormatter.swift */,
				83A1BCD32675490200928AD4 /* DataStore.swift */,
				8380A24B26794BC9005572B7 /* ExtensionsDecimal.swift */,
				83DC7A25267A2B8E0037A3F2 /* ExtensionsUIView.swift */,
			);
			path = helpers;
			sourceTree = "<group>";
		};
		83A1BCC6267532E400928AD4 /* models */ = {
			isa = PBXGroup;
			children = (
				83A1BCC7267532F300928AD4 /* BaseModel.swift */,
				83A1BCCB2675336100928AD4 /* Customer.swift */,
				836E4DBE26768EF000B75DCD /* Business.swift */,
				83A4F10A26769FF2009C9CE2 /* MenuCategory.swift */,
				8302563F2678E13E00925623 /* MenuItem.swift */,
				830256412678E22F00925623 /* CatalogAdditive.swift */,
				830256432678E2A600925623 /* CatalogAllergy.swift */,
				830256452678E2D900925623 /* CatalogMenuItemTag.swift */,
				830256472678E36400925623 /* MenuItemPrice.swift */,
				830256492678E4C700925623 /* MenuItemTo.swift */,
				8326E756267BE45000F399F3 /* CatalogAllergyAdditive.swift */,
			);
			path = models;
			sourceTree = "<group>";
		};
		83E88E7226714A6300FA43CE = {
			isa = PBXGroup;
			children = (
				83E88E7D26714A6300FA43CE /* lokella */,
				83E88E7C26714A6300FA43CE /* Products */,
			);
			sourceTree = "<group>";
		};
		83E88E7C26714A6300FA43CE /* Products */ = {
			isa = PBXGroup;
			children = (
				83E88E7B26714A6300FA43CE /* lokella.app */,
			);
			name = Products;
			sourceTree = "<group>";
		};
		83E88E7D26714A6300FA43CE /* lokella */ = {
			isa = PBXGroup;
			children = (
				83A1BCC6267532E400928AD4 /* models */,
				83A1BCC32675326B00928AD4 /* helpers */,
				83E88E7E26714A6300FA43CE /* AppDelegate.swift */,
				83E88E8026714A6300FA43CE /* CustomerLoginController.swift */,
				83E88E8226714A6300FA43CE /* ScannerViewController.swift */,
				83E88E8426714A6300FA43CE /* Main.storyboard */,
				83E88E8726714A6600FA43CE /* Assets.xcassets */,
				83E88E8926714A6600FA43CE /* LaunchScreen.storyboard */,
				83E88E8C26714A6600FA43CE /* Info.plist */,
				836E4DBC26768CAD00B75DCD /* MenuController.swift */,
				83A4F10626769ADF009C9CE2 /* CategoriesCollectionViewCell.swift */,
				838C4724267937A7002CF9BF /* MenuItemCell.swift */,
				837125AB2679486500698C5C /* PriceCell.swift */,
				83DC7A27267B85D90037A3F2 /* TagCell.swift */,
			);
			path = lokella;
			sourceTree = "<group>";
		};
/* End PBXGroup section */

/* Begin PBXNativeTarget section */
		83E88E7A26714A6300FA43CE /* lokella */ = {
			isa = PBXNativeTarget;
			buildConfigurationList = 83E88E8F26714A6600FA43CE /* Build configuration list for PBXNativeTarget "lokella" */;
			buildPhases = (
				83E88E7726714A6300FA43CE /* Sources */,
				83E88E7826714A6300FA43CE /* Frameworks */,
				83E88E7926714A6300FA43CE /* Resources */,
			);
			buildRules = (
			);
			dependencies = (
			);
			name = lokella;
			productName = lokella;
			productReference = 83E88E7B26714A6300FA43CE /* lokella.app */;
			productType = "com.apple.product-type.application";
		};
/* End PBXNativeTarget section */

/* Begin PBXProject section */
		83E88E7326714A6300FA43CE /* Project object */ = {
			isa = PBXProject;
			attributes = {
				KnownAssetTags = (
					MenuItemTags,
				);
				LastSwiftUpdateCheck = 1010;
				LastUpgradeCheck = 1010;
				ORGANIZATIONNAME = Kelpersegg;
				TargetAttributes = {
					83E88E7A26714A6300FA43CE = {
						CreatedOnToolsVersion = 10.1;
					};
				};
			};
			buildConfigurationList = 83E88E7626714A6300FA43CE /* Build configuration list for PBXProject "lokella" */;
			compatibilityVersion = "Xcode 9.3";
			developmentRegion = en;
			hasScannedForEncodings = 0;
			knownRegions = (
				en,
				Base,
			);
			mainGroup = 83E88E7226714A6300FA43CE;
			productRefGroup = 83E88E7C26714A6300FA43CE /* Products */;
			projectDirPath = "";
			projectRoot = "";
			targets = (
				83E88E7A26714A6300FA43CE /* lokella */,
			);
		};
/* End PBXProject section */

/* Begin PBXResourcesBuildPhase section */
		83E88E7926714A6300FA43CE /* Resources */ = {
			isa = PBXResourcesBuildPhase;
			buildActionMask = 2147483647;
			files = (
				83E88E8B26714A6600FA43CE /* LaunchScreen.storyboard in Resources */,
				83E88E8826714A6600FA43CE /* Assets.xcassets in Resources */,
				83E88E8626714A6300FA43CE /* Main.storyboard in Resources */,
			);
			runOnlyForDeploymentPostprocessing = 0;
		};
/* End PBXResourcesBuildPhase section */

/* Begin PBXSourcesBuildPhase section */
		83E88E7726714A6300FA43CE /* Sources */ = {
			isa = PBXSourcesBuildPhase;
			buildActionMask = 2147483647;
			files = (
				837125AC2679486500698C5C /* PriceCell.swift in Sources */,
				83A4F10B26769FF2009C9CE2 /* MenuCategory.swift in Sources */,
				836E4DBF26768EF000B75DCD /* Business.swift in Sources */,
				8302564A2678E4C700925623 /* MenuItemTo.swift in Sources */,
				83E88E8326714A6300FA43CE /* ScannerViewController.swift in Sources */,
				83A1BCCC2675336100928AD4 /* Customer.swift in Sources */,
				83A1BCC5267532A300928AD4 /* HttpRequest.swift in Sources */,
				83E88E7F26714A6300FA43CE /* AppDelegate.swift in Sources */,
				83DC7A28267B85D90037A3F2 /* TagCell.swift in Sources */,
				836E4DBD26768CAD00B75DCD /* MenuController.swift in Sources */,
				830256422678E22F00925623 /* CatalogAdditive.swift in Sources */,
				83A1BCD42675490200928AD4 /* DataStore.swift in Sources */,
				830256482678E36400925623 /* MenuItemPrice.swift in Sources */,
				83A1BCD226753F7700928AD4 /* DateFormatter.swift in Sources */,
				83DC7A26267A2B8E0037A3F2 /* ExtensionsUIView.swift in Sources */,
				830256462678E2D900925623 /* CatalogMenuItemTag.swift in Sources */,
				838C4725267937A7002CF9BF /* MenuItemCell.swift in Sources */,
				830256442678E2A600925623 /* CatalogAllergy.swift in Sources */,
				83A4F10726769ADF009C9CE2 /* CategoriesCollectionViewCell.swift in Sources */,
				8380A24C26794BC9005572B7 /* ExtensionsDecimal.swift in Sources */,
				83A1BCCE2675369E00928AD4 /* JsonResult.swift in Sources */,
				83A1BCD026753B3300928AD4 /* GenericWrapper.swift in Sources */,
				83E88E8126714A6300FA43CE /* CustomerLoginController.swift in Sources */,
				830256402678E13E00925623 /* MenuItem.swift in Sources */,
				83A1BCC8267532F300928AD4 /* BaseModel.swift in Sources */,
				8326E757267BE45000F399F3 /* CatalogAllergyAdditive.swift in Sources */,
				83A1BCCA2675330000928AD4 /* Constants.swift in Sources */,
			);
			runOnlyForDeploymentPostprocessing = 0;
		};
/* End PBXSourcesBuildPhase section */

/* Begin PBXVariantGroup section */
		83E88E8426714A6300FA43CE /* Main.storyboard */ = {
			isa = PBXVariantGroup;
			children = (
				83E88E8526714A6300FA43CE /* Base */,
			);
			name = Main.storyboard;
			sourceTree = "<group>";
		};
		83E88E8926714A6600FA43CE /* LaunchScreen.storyboard */ = {
			isa = PBXVariantGroup;
			children = (
				83E88E8A26714A6600FA43CE /* Base */,
			);
			name = LaunchScreen.storyboard;
			sourceTree = "<group>";
		};
/* End PBXVariantGroup section */

/* Begin XCBuildConfiguration section */
		83E88E8D26714A6600FA43CE /* Debug */ = {
			isa = XCBuildConfiguration;
			buildSettings = {
				ALWAYS_SEARCH_USER_PATHS = NO;
				CLANG_ANALYZER_NONNULL = YES;
				CLANG_ANALYZER_NUMBER_OBJECT_CONVERSION = YES_AGGRESSIVE;
				CLANG_CXX_LANGUAGE_STANDARD = "gnu++14";
				CLANG_CXX_LIBRARY = "libc++";
				CLANG_ENABLE_MODULES = YES;
				CLANG_ENABLE_OBJC_ARC = YES;
				CLANG_ENABLE_OBJC_WEAK = YES;
				CLANG_WARN_BLOCK_CAPTURE_AUTORELEASING = YES;
				CLANG_WARN_BOOL_CONVERSION = YES;
				CLANG_WARN_COMMA = YES;
				CLANG_WARN_CONSTANT_CONVERSION = YES;
				CLANG_WARN_DEPRECATED_OBJC_IMPLEMENTATIONS = YES;
				CLANG_WARN_DIRECT_OBJC_ISA_USAGE = YES_ERROR;
				CLANG_WARN_DOCUMENTATION_COMMENTS = YES;
				CLANG_WARN_EMPTY_BODY = YES;
				CLANG_WARN_ENUM_CONVERSION = YES;
				CLANG_WARN_INFINITE_RECURSION = YES;
				CLANG_WARN_INT_CONVERSION = YES;
				CLANG_WARN_NON_LITERAL_NULL_CONVERSION = YES;
				CLANG_WARN_OBJC_IMPLICIT_RETAIN_SELF = YES;
				CLANG_WARN_OBJC_LITERAL_CONVERSION = YES;
				CLANG_WARN_OBJC_ROOT_CLASS = YES_ERROR;
				CLANG_WARN_RANGE_LOOP_ANALYSIS = YES;
				CLANG_WARN_STRICT_PROTOTYPES = YES;
				CLANG_WARN_SUSPICIOUS_MOVE = YES;
				CLANG_WARN_UNGUARDED_AVAILABILITY = YES_AGGRESSIVE;
				CLANG_WARN_UNREACHABLE_CODE = YES;
				CLANG_WARN__DUPLICATE_METHOD_MATCH = YES;
				CODE_SIGN_IDENTITY = "iPhone Developer";
				COPY_PHASE_STRIP = NO;
				DEBUG_INFORMATION_FORMAT = dwarf;
				ENABLE_STRICT_OBJC_MSGSEND = YES;
				ENABLE_TESTABILITY = YES;
				GCC_C_LANGUAGE_STANDARD = gnu11;
				GCC_DYNAMIC_NO_PIC = NO;
				GCC_NO_COMMON_BLOCKS = YES;
				GCC_OPTIMIZATION_LEVEL = 0;
				GCC_PREPROCESSOR_DEFINITIONS = (
					"DEBUG=1",
					"$(inherited)",
				);
				GCC_WARN_64_TO_32_BIT_CONVERSION = YES;
				GCC_WARN_ABOUT_RETURN_TYPE = YES_ERROR;
				GCC_WARN_UNDECLARED_SELECTOR = YES;
				GCC_WARN_UNINITIALIZED_AUTOS = YES_AGGRESSIVE;
				GCC_WARN_UNUSED_FUNCTION = YES;
				GCC_WARN_UNUSED_VARIABLE = YES;
				IPHONEOS_DEPLOYMENT_TARGET = 12.1;
				MTL_ENABLE_DEBUG_INFO = INCLUDE_SOURCE;
				MTL_FAST_MATH = YES;
				ONLY_ACTIVE_ARCH = YES;
				SDKROOT = iphoneos;
				SWIFT_ACTIVE_COMPILATION_CONDITIONS = DEBUG;
				SWIFT_OPTIMIZATION_LEVEL = "-Onone";
			};
			name = Debug;
		};
		83E88E8E26714A6600FA43CE /* Release */ = {
			isa = XCBuildConfiguration;
			buildSettings = {
				ALWAYS_SEARCH_USER_PATHS = NO;
				CLANG_ANALYZER_NONNULL = YES;
				CLANG_ANALYZER_NUMBER_OBJECT_CONVERSION = YES_AGGRESSIVE;
				CLANG_CXX_LANGUAGE_STANDARD = "gnu++14";
				CLANG_CXX_LIBRARY = "libc++";
				CLANG_ENABLE_MODULES = YES;
				CLANG_ENABLE_OBJC_ARC = YES;
				CLANG_ENABLE_OBJC_WEAK = YES;
				CLANG_WARN_BLOCK_CAPTURE_AUTORELEASING = YES;
				CLANG_WARN_BOOL_CONVERSION = YES;
				CLANG_WARN_COMMA = YES;
				CLANG_WARN_CONSTANT_CONVERSION = YES;
				CLANG_WARN_DEPRECATED_OBJC_IMPLEMENTATIONS = YES;
				CLANG_WARN_DIRECT_OBJC_ISA_USAGE = YES_ERROR;
				CLANG_WARN_DOCUMENTATION_COMMENTS = YES;
				CLANG_WARN_EMPTY_BODY = YES;
				CLANG_WARN_ENUM_CONVERSION = YES;
				CLANG_WARN_INFINITE_RECURSION = YES;
				CLANG_WARN_INT_CONVERSION = YES;
				CLANG_WARN_NON_LITERAL_NULL_CONVERSION = YES;
				CLANG_WARN_OBJC_IMPLICIT_RETAIN_SELF = YES;
				CLANG_WARN_OBJC_LITERAL_CONVERSION = YES;
				CLANG_WARN_OBJC_ROOT_CLASS = YES_ERROR;
				CLANG_WARN_RANGE_LOOP_ANALYSIS = YES;
				CLANG_WARN_STRICT_PROTOTYPES = YES;
				CLANG_WARN_SUSPICIOUS_MOVE = YES;
				CLANG_WARN_UNGUARDED_AVAILABILITY = YES_AGGRESSIVE;
				CLANG_WARN_UNREACHABLE_CODE = YES;
				CLANG_WARN__DUPLICATE_METHOD_MATCH = YES;
				CODE_SIGN_IDENTITY = "iPhone Developer";
				COPY_PHASE_STRIP = NO;
				DEBUG_INFORMATION_FORMAT = "dwarf-with-dsym";
				ENABLE_NS_ASSERTIONS = NO;
				ENABLE_STRICT_OBJC_MSGSEND = YES;
				GCC_C_LANGUAGE_STANDARD = gnu11;
				GCC_NO_COMMON_BLOCKS = YES;
				GCC_WARN_64_TO_32_BIT_CONVERSION = YES;
				GCC_WARN_ABOUT_RETURN_TYPE = YES_ERROR;
				GCC_WARN_UNDECLARED_SELECTOR = YES;
				GCC_WARN_UNINITIALIZED_AUTOS = YES_AGGRESSIVE;
				GCC_WARN_UNUSED_FUNCTION = YES;
				GCC_WARN_UNUSED_VARIABLE = YES;
				IPHONEOS_DEPLOYMENT_TARGET = 12.1;
				MTL_ENABLE_DEBUG_INFO = NO;
				MTL_FAST_MATH = YES;
				SDKROOT = iphoneos;
				SWIFT_COMPILATION_MODE = wholemodule;
				SWIFT_OPTIMIZATION_LEVEL = "-O";
				VALIDATE_PRODUCT = YES;
			};
			name = Release;
		};
		83E88E9026714A6600FA43CE /* Debug */ = {
			isa = XCBuildConfiguration;
			buildSettings = {
				ASSETCATALOG_COMPILER_APPICON_NAME = AppIcon;
				CODE_SIGN_STYLE = Automatic;
				INFOPLIST_FILE = lokella/Info.plist;
				IPHONEOS_DEPLOYMENT_TARGET = 11.0;
				LD_RUNPATH_SEARCH_PATHS = (
					"$(inherited)",
					"@executable_path/Frameworks",
				);
				PRODUCT_BUNDLE_IDENTIFIER = com.keplersegg.lokella;
				PRODUCT_NAME = "$(TARGET_NAME)";
				SWIFT_VERSION = 4.2;
				TARGETED_DEVICE_FAMILY = 1;
			};
			name = Debug;
		};
		83E88E9126714A6600FA43CE /* Release */ = {
			isa = XCBuildConfiguration;
			buildSettings = {
				ASSETCATALOG_COMPILER_APPICON_NAME = AppIcon;
				CODE_SIGN_STYLE = Automatic;
				INFOPLIST_FILE = lokella/Info.plist;
				IPHONEOS_DEPLOYMENT_TARGET = 11.0;
				LD_RUNPATH_SEARCH_PATHS = (
					"$(inherited)",
					"@executable_path/Frameworks",
				);
				PRODUCT_BUNDLE_IDENTIFIER = com.keplersegg.lokella;
				PRODUCT_NAME = "$(TARGET_NAME)";
				SWIFT_VERSION = 4.2;
				TARGETED_DEVICE_FAMILY = 1;
			};
			name = Release;
		};
/* End XCBuildConfiguration section */

/* Begin XCConfigurationList section */
		83E88E7626714A6300FA43CE /* Build configuration list for PBXProject "lokella" */ = {
			isa = XCConfigurationList;
			buildConfigurations = (
				83E88E8D26714A6600FA43CE /* Debug */,
				83E88E8E26714A6600FA43CE /* Release */,
			);
			defaultConfigurationIsVisible = 0;
			defaultConfigurationName = Release;
		};
		83E88E8F26714A6600FA43CE /* Build configuration list for PBXNativeTarget "lokella" */ = {
			isa = XCConfigurationList;
			buildConfigurations = (
				83E88E9026714A6600FA43CE /* Debug */,
				83E88E9126714A6600FA43CE /* Release */,
			);
			defaultConfigurationIsVisible = 0;
			defaultConfigurationName = Release;
		};
/* End XCConfigurationList section */
	};
	rootObject = 83E88E7326714A6300FA43CE /* Project object */;
}
